// !$*UTF8*$!
{
	archiveVersion = 1;
	classes = {
	};
	objectVersion = 55;
	objects = {

/* Begin PBXBuildFile section */
		864592272738059100222B6D /* AppDelegate.swift in Sources */ = {isa = PBXBuildFile; fileRef = 864592262738059100222B6D /* AppDelegate.swift */; };
		864592292738059100222B6D /* SceneDelegate.swift in Sources */ = {isa = PBXBuildFile; fileRef = 864592282738059100222B6D /* SceneDelegate.swift */; };
		8645922E2738059100222B6D /* Main.storyboard in Resources */ = {isa = PBXBuildFile; fileRef = 8645922C2738059100222B6D /* Main.storyboard */; };
		864592302738059300222B6D /* Assets.xcassets in Resources */ = {isa = PBXBuildFile; fileRef = 8645922F2738059300222B6D /* Assets.xcassets */; };
		864592332738059300222B6D /* LaunchScreen.storyboard in Resources */ = {isa = PBXBuildFile; fileRef = 864592312738059300222B6D /* LaunchScreen.storyboard */; };
		8645923B27381E3F00222B6D /* HomeScreenController.swift in Sources */ = {isa = PBXBuildFile; fileRef = 8645923A27381E3F00222B6D /* HomeScreenController.swift */; };
		8645923E27382A3F00222B6D /* CafeModel.swift in Sources */ = {isa = PBXBuildFile; fileRef = 8645923D27382A3F00222B6D /* CafeModel.swift */; };
		8645924227382CDF00222B6D /* CollectionTableViewCell.swift in Sources */ = {isa = PBXBuildFile; fileRef = 8645924027382CDF00222B6D /* CollectionTableViewCell.swift */; };
		86459246273834BB00222B6D /* IndexedCollectionViewCell.swift in Sources */ = {isa = PBXBuildFile; fileRef = 86459244273834BB00222B6D /* IndexedCollectionViewCell.swift */; };
		86459247273834BB00222B6D /* IndexedCollectionViewCell.xib in Resources */ = {isa = PBXBuildFile; fileRef = 86459245273834BB00222B6D /* IndexedCollectionViewCell.xib */; };
		8651D7D3278A06840004FE8D /* GoogleService-Info.plist in Resources */ = {isa = PBXBuildFile; fileRef = 8651D7D2278A06840004FE8D /* GoogleService-Info.plist */; };
		8651D7D6278A0B0B0004FE8D /* FirebaseAuth in Frameworks */ = {isa = PBXBuildFile; productRef = 8651D7D5278A0B0B0004FE8D /* FirebaseAuth */; };
		8651D7D8278A0B0B0004FE8D /* FirebaseFirestore in Frameworks */ = {isa = PBXBuildFile; productRef = 8651D7D7278A0B0B0004FE8D /* FirebaseFirestore */; };
/* End PBXBuildFile section */

/* Begin PBXFileReference section */
		864592232738059100222B6D /* CafeHubTest.app */ = {isa = PBXFileReference; explicitFileType = wrapper.application; includeInIndex = 0; path = CafeHubTest.app; sourceTree = BUILT_PRODUCTS_DIR; };
		864592262738059100222B6D /* AppDelegate.swift */ = {isa = PBXFileReference; lastKnownFileType = sourcecode.swift; path = AppDelegate.swift; sourceTree = "<group>"; };
		864592282738059100222B6D /* SceneDelegate.swift */ = {isa = PBXFileReference; lastKnownFileType = sourcecode.swift; path = SceneDelegate.swift; sourceTree = "<group>"; };
		8645922D2738059100222B6D /* Base */ = {isa = PBXFileReference; lastKnownFileType = file.storyboard; name = Base; path = Base.lproj/Main.storyboard; sourceTree = "<group>"; };
		8645922F2738059300222B6D /* Assets.xcassets */ = {isa = PBXFileReference; lastKnownFileType = folder.assetcatalog; path = Assets.xcassets; sourceTree = "<group>"; };
		864592322738059300222B6D /* Base */ = {isa = PBXFileReference; lastKnownFileType = file.storyboard; name = Base; path = Base.lproj/LaunchScreen.storyboard; sourceTree = "<group>"; };
		864592342738059300222B6D /* Info.plist */ = {isa = PBXFileReference; lastKnownFileType = text.plist.xml; path = Info.plist; sourceTree = "<group>"; };
		8645923A27381E3F00222B6D /* HomeScreenController.swift */ = {isa = PBXFileReference; indentWidth = 4; lastKnownFileType = sourcecode.swift; path = HomeScreenController.swift; sourceTree = "<group>"; };
		8645923D27382A3F00222B6D /* CafeModel.swift */ = {isa = PBXFileReference; lastKnownFileType = sourcecode.swift; path = CafeModel.swift; sourceTree = "<group>"; };
		8645924027382CDF00222B6D /* CollectionTableViewCell.swift */ = {isa = PBXFileReference; lastKnownFileType = sourcecode.swift; path = CollectionTableViewCell.swift; sourceTree = "<group>"; };
		86459244273834BB00222B6D /* IndexedCollectionViewCell.swift */ = {isa = PBXFileReference; lastKnownFileType = sourcecode.swift; path = IndexedCollectionViewCell.swift; sourceTree = "<group>"; };
		86459245273834BB00222B6D /* IndexedCollectionViewCell.xib */ = {isa = PBXFileReference; lastKnownFileType = file.xib; path = IndexedCollectionViewCell.xib; sourceTree = "<group>"; };
		8651D7D2278A06840004FE8D /* GoogleService-Info.plist */ = {isa = PBXFileReference; fileEncoding = 4; lastKnownFileType = text.plist.xml; path = "GoogleService-Info.plist"; sourceTree = "<group>"; };
/* End PBXFileReference section */

/* Begin PBXFrameworksBuildPhase section */
		864592202738059100222B6D /* Frameworks */ = {
			isa = PBXFrameworksBuildPhase;
			buildActionMask = 2147483647;
			files = (
				8651D7D6278A0B0B0004FE8D /* FirebaseAuth in Frameworks */,
				8651D7D8278A0B0B0004FE8D /* FirebaseFirestore in Frameworks */,
			);
			runOnlyForDeploymentPostprocessing = 0;
		};
/* End PBXFrameworksBuildPhase section */

/* Begin PBXGroup section */
		8645921A2738059100222B6D = {
			isa = PBXGroup;
			children = (
				864592252738059100222B6D /* CafeHubTest */,
				864592242738059100222B6D /* Products */,
			);
			sourceTree = "<group>";
		};
		864592242738059100222B6D /* Products */ = {
			isa = PBXGroup;
			children = (
				864592232738059100222B6D /* CafeHubTest.app */,
			);
			name = Products;
			sourceTree = "<group>";
		};
		864592252738059100222B6D /* CafeHubTest */ = {
			isa = PBXGroup;
			children = (
				864592482739B24300222B6D /* New Group */,
				8645923F27382C9400222B6D /* Cells */,
				8645923C27382A2F00222B6D /* Models */,
				864592262738059100222B6D /* AppDelegate.swift */,
				864592282738059100222B6D /* SceneDelegate.swift */,
				8645923A27381E3F00222B6D /* HomeScreenController.swift */,
				8645922C2738059100222B6D /* Main.storyboard */,
				8645922F2738059300222B6D /* Assets.xcassets */,
				864592312738059300222B6D /* LaunchScreen.storyboard */,
				864592342738059300222B6D /* Info.plist */,
				8651D7D2278A06840004FE8D /* GoogleService-Info.plist */,
			);
			path = CafeHubTest;
			sourceTree = "<group>";
		};
		8645923C27382A2F00222B6D /* Models */ = {
			isa = PBXGroup;
			children = (
				8645923D27382A3F00222B6D /* CafeModel.swift */,
			);
			path = Models;
			sourceTree = "<group>";
		};
		8645923F27382C9400222B6D /* Cells */ = {
			isa = PBXGroup;
			children = (
				8645924027382CDF00222B6D /* CollectionTableViewCell.swift */,
				86459244273834BB00222B6D /* IndexedCollectionViewCell.swift */,
				86459245273834BB00222B6D /* IndexedCollectionViewCell.xib */,
			);
			path = Cells;
			sourceTree = "<group>";
		};
		864592482739B24300222B6D /* New Group */ = {
			isa = PBXGroup;
			children = (
			);
			path = "New Group";
			sourceTree = "<group>";
		};
/* End PBXGroup section */

/* Begin PBXNativeTarget section */
		864592222738059100222B6D /* CafeHubTest */ = {
			isa = PBXNativeTarget;
			buildConfigurationList = 864592372738059300222B6D /* Build configuration list for PBXNativeTarget "CafeHubTest" */;
			buildPhases = (
				8645921F2738059100222B6D /* Sources */,
				864592202738059100222B6D /* Frameworks */,
				864592212738059100222B6D /* Resources */,
			);
			buildRules = (
			);
			dependencies = (
			);
			name = CafeHubTest;
			packageProductDependencies = (
				8651D7D5278A0B0B0004FE8D /* FirebaseAuth */,
				8651D7D7278A0B0B0004FE8D /* FirebaseFirestore */,
			);
			productName = CafeHubTest;
			productReference = 864592232738059100222B6D /* CafeHubTest.app */;
			productType = "com.apple.product-type.application";
		};
/* End PBXNativeTarget section */

/* Begin PBXProject section */
		8645921B2738059100222B6D /* Project object */ = {
			isa = PBXProject;
			attributes = {
				BuildIndependentTargetsInParallel = 1;
				LastSwiftUpdateCheck = 1310;
				LastUpgradeCheck = 1310;
				TargetAttributes = {
					864592222738059100222B6D = {
						CreatedOnToolsVersion = 13.1;
					};
				};
			};
			buildConfigurationList = 8645921E2738059100222B6D /* Build configuration list for PBXProject "CafeHubTest" */;
			compatibilityVersion = "Xcode 13.0";
			developmentRegion = en;
			hasScannedForEncodings = 0;
			knownRegions = (
				en,
				Base,
			);
			mainGroup = 8645921A2738059100222B6D;
			packageReferences = (
				8651D7D4278A0B0B0004FE8D /* XCRemoteSwiftPackageReference "firebase-ios-sdk" */,
			);
			productRefGroup = 864592242738059100222B6D /* Products */;
			projectDirPath = "";
			projectRoot = "";
			targets = (
				864592222738059100222B6D /* CafeHubTest */,
			);
		};
/* End PBXProject section */

/* Begin PBXResourcesBuildPhase section */
		864592212738059100222B6D /* Resources */ = {
			isa = PBXResourcesBuildPhase;
			buildActionMask = 2147483647;
			files = (
				864592332738059300222B6D /* LaunchScreen.storyboard in Resources */,
				864592302738059300222B6D /* Assets.xcassets in Resources */,
				8651D7D3278A06840004FE8D /* GoogleService-Info.plist in Resources */,
				86459247273834BB00222B6D /* IndexedCollectionViewCell.xib in Resources */,
				8645922E2738059100222B6D /* Main.storyboard in Resources */,
			);
			runOnlyForDeploymentPostprocessing = 0;
		};
/* End PBXResourcesBuildPhase section */

/* Begin PBXSourcesBuildPhase section */
		8645921F2738059100222B6D /* Sources */ = {
			isa = PBXSourcesBuildPhase;
			buildActionMask = 2147483647;
			files = (
				8645924227382CDF00222B6D /* CollectionTableViewCell.swift in Sources */,
				864592272738059100222B6D /* AppDelegate.swift in Sources */,
				864592292738059100222B6D /* SceneDelegate.swift in Sources */,
				8645923E27382A3F00222B6D /* CafeModel.swift in Sources */,
				86459246273834BB00222B6D /* IndexedCollectionViewCell.swift in Sources */,
				8645923B27381E3F00222B6D /* HomeScreenController.swift in Sources */,
			);
			runOnlyForDeploymentPostprocessing = 0;
		};
/* End PBXSourcesBuildPhase section */

/* Begin PBXVariantGroup section */
		8645922C2738059100222B6D /* Main.storyboard */ = {
			isa = PBXVariantGroup;
			children = (
				8645922D2738059100222B6D /* Base */,
			);
			name = Main.storyboard;
			sourceTree = "<group>";
		};
		864592312738059300222B6D /* LaunchScreen.storyboard */ = {
			isa = PBXVariantGroup;
			children = (
				864592322738059300222B6D /* Base */,
			);
			name = LaunchScreen.storyboard;
			sourceTree = "<group>";
		};
/* End PBXVariantGroup section */

/* Begin XCBuildConfiguration section */
		864592352738059300222B6D /* Debug */ = {
			isa = XCBuildConfiguration;
			buildSettings = {
				ALWAYS_SEARCH_USER_PATHS = NO;
				CLANG_ANALYZER_NONNULL = YES;
				CLANG_ANALYZER_NUMBER_OBJECT_CONVERSION = YES_AGGRESSIVE;
				CLANG_CXX_LANGUAGE_STANDARD = "gnu++17";
				CLANG_CXX_LIBRARY = "libc++";
				CLANG_ENABLE_MODULES = YES;
				CLANG_ENABLE_OBJC_ARC = YES;
				CLANG_ENABLE_OBJC_WEAK = YES;
				CLANG_WARN_BLOCK_CAPTURE_AUTORELEASING = YES;
				CLANG_WARN_BOOL_CONVERSION = YES;
				CLANG_WARN_COMMA = YES;
				CLANG_WARN_CONSTANT_CONVERSION = YES;
				CLANG_WARN_DEPRECATED_OBJC_IMPLEMENTATIONS = YES;
				CLANG_WARN_DIRECT_OBJC_ISA_USAGE = YES_ERROR;
				CLANG_WARN_DOCUMENTATION_COMMENTS = YES;
				CLANG_WARN_EMPTY_BODY = YES;
				CLANG_WARN_ENUM_CONVERSION = YES;
				CLANG_WARN_INFINITE_RECURSION = YES;
				CLANG_WARN_INT_CONVERSION = YES;
				CLANG_WARN_NON_LITERAL_NULL_CONVERSION = YES;
				CLANG_WARN_OBJC_IMPLICIT_RETAIN_SELF = YES;
				CLANG_WARN_OBJC_LITERAL_CONVERSION = YES;
				CLANG_WARN_OBJC_ROOT_CLASS = YES_ERROR;
				CLANG_WARN_QUOTED_INCLUDE_IN_FRAMEWORK_HEADER = YES;
				CLANG_WARN_RANGE_LOOP_ANALYSIS = YES;
				CLANG_WARN_STRICT_PROTOTYPES = YES;
				CLANG_WARN_SUSPICIOUS_MOVE = YES;
				CLANG_WARN_UNGUARDED_AVAILABILITY = YES_AGGRESSIVE;
				CLANG_WARN_UNREACHABLE_CODE = YES;
				CLANG_WARN__DUPLICATE_METHOD_MATCH = YES;
				COPY_PHASE_STRIP = NO;
				DEBUG_INFORMATION_FORMAT = dwarf;
				ENABLE_STRICT_OBJC_MSGSEND = YES;
				ENABLE_TESTABILITY = YES;
				GCC_C_LANGUAGE_STANDARD = gnu11;
				GCC_DYNAMIC_NO_PIC = NO;
				GCC_NO_COMMON_BLOCKS = YES;
				GCC_OPTIMIZATION_LEVEL = 0;
				GCC_PREPROCESSOR_DEFINITIONS = (
					"DEBUG=1",
					"$(inherited)",
				);
				GCC_WARN_64_TO_32_BIT_CONVERSION = YES;
				GCC_WARN_ABOUT_RETURN_TYPE = YES_ERROR;
				GCC_WARN_UNDECLARED_SELECTOR = YES;
				GCC_WARN_UNINITIALIZED_AUTOS = YES_AGGRESSIVE;
				GCC_WARN_UNUSED_FUNCTION = YES;
				GCC_WARN_UNUSED_VARIABLE = YES;
				IPHONEOS_DEPLOYMENT_TARGET = 15.0;
				MTL_ENABLE_DEBUG_INFO = INCLUDE_SOURCE;
				MTL_FAST_MATH = YES;
				ONLY_ACTIVE_ARCH = YES;
				SDKROOT = iphoneos;
				SWIFT_ACTIVE_COMPILATION_CONDITIONS = DEBUG;
				SWIFT_OPTIMIZATION_LEVEL = "-Onone";
			};
			name = Debug;
		};
		864592362738059300222B6D /* Release */ = {
			isa = XCBuildConfiguration;
			buildSettings = {
				ALWAYS_SEARCH_USER_PATHS = NO;
				CLANG_ANALYZER_NONNULL = YES;
				CLANG_ANALYZER_NUMBER_OBJECT_CONVERSION = YES_AGGRESSIVE;
				CLANG_CXX_LANGUAGE_STANDARD = "gnu++17";
				CLANG_CXX_LIBRARY = "libc++";
				CLANG_ENABLE_MODULES = YES;
				CLANG_ENABLE_OBJC_ARC = YES;
				CLANG_ENABLE_OBJC_WEAK = YES;
				CLANG_WARN_BLOCK_CAPTURE_AUTORELEASING = YES;
				CLANG_WARN_BOOL_CONVERSION = YES;
				CLANG_WARN_COMMA = YES;
				CLANG_WARN_CONSTANT_CONVERSION = YES;
				CLANG_WARN_DEPRECATED_OBJC_IMPLEMENTATIONS = YES;
				CLANG_WARN_DIRECT_OBJC_ISA_USAGE = YES_ERROR;
				CLANG_WARN_DOCUMENTATION_COMMENTS = YES;
				CLANG_WARN_EMPTY_BODY = YES;
				CLANG_WARN_ENUM_CONVERSION = YES;
				CLANG_WARN_INFINITE_RECURSION = YES;
				CLANG_WARN_INT_CONVERSION = YES;
				CLANG_WARN_NON_LITERAL_NULL_CONVERSION = YES;
				CLANG_WARN_OBJC_IMPLICIT_RETAIN_SELF = YES;
				CLANG_WARN_OBJC_LITERAL_CONVERSION = YES;
				CLANG_WARN_OBJC_ROOT_CLASS = YES_ERROR;
				CLANG_WARN_QUOTED_INCLUDE_IN_FRAMEWORK_HEADER = YES;
				CLANG_WARN_RANGE_LOOP_ANALYSIS = YES;
				CLANG_WARN_STRICT_PROTOTYPES = YES;
				CLANG_WARN_SUSPICIOUS_MOVE = YES;
				CLANG_WARN_UNGUARDED_AVAILABILITY = YES_AGGRESSIVE;
				CLANG_WARN_UNREACHABLE_CODE = YES;
				CLANG_WARN__DUPLICATE_METHOD_MATCH = YES;
				COPY_PHASE_STRIP = NO;
				DEBUG_INFORMATION_FORMAT = "dwarf-with-dsym";
				ENABLE_NS_ASSERTIONS = NO;
				ENABLE_STRICT_OBJC_MSGSEND = YES;
				GCC_C_LANGUAGE_STANDARD = gnu11;
				GCC_NO_COMMON_BLOCKS = YES;
				GCC_WARN_64_TO_32_BIT_CONVERSION = YES;
				GCC_WARN_ABOUT_RETURN_TYPE = YES_ERROR;
				GCC_WARN_UNDECLARED_SELECTOR = YES;
				GCC_WARN_UNINITIALIZED_AUTOS = YES_AGGRESSIVE;
				GCC_WARN_UNUSED_FUNCTION = YES;
				GCC_WARN_UNUSED_VARIABLE = YES;
				IPHONEOS_DEPLOYMENT_TARGET = 15.0;
				MTL_ENABLE_DEBUG_INFO = NO;
				MTL_FAST_MATH = YES;
				SDKROOT = iphoneos;
				SWIFT_COMPILATION_MODE = wholemodule;
				SWIFT_OPTIMIZATION_LEVEL = "-O";
				VALIDATE_PRODUCT = YES;
			};
			name = Release;
		};
		864592382738059300222B6D /* Debug */ = {
			isa = XCBuildConfiguration;
			buildSettings = {
				ASSETCATALOG_COMPILER_APPICON_NAME = AppIcon;
				ASSETCATALOG_COMPILER_GLOBAL_ACCENT_COLOR_NAME = AccentColor;
				CODE_SIGN_STYLE = Automatic;
				CURRENT_PROJECT_VERSION = 1;
				DEVELOPMENT_TEAM = RJUQB32699;
				GENERATE_INFOPLIST_FILE = YES;
				INFOPLIST_FILE = CafeHubTest/Info.plist;
				INFOPLIST_KEY_UIApplicationSupportsIndirectInputEvents = YES;
				INFOPLIST_KEY_UILaunchStoryboardName = LaunchScreen;
				INFOPLIST_KEY_UIMainStoryboardFile = Main;
				INFOPLIST_KEY_UISupportedInterfaceOrientations_iPad = "UIInterfaceOrientationPortrait UIInterfaceOrientationPortraitUpsideDown UIInterfaceOrientationLandscapeLeft UIInterfaceOrientationLandscapeRight";
				INFOPLIST_KEY_UISupportedInterfaceOrientations_iPhone = "UIInterfaceOrientationPortrait UIInterfaceOrientationLandscapeLeft UIInterfaceOrientationLandscapeRight";
				LD_RUNPATH_SEARCH_PATHS = (
					"$(inherited)",
					"@executable_path/Frameworks",
				);
				MARKETING_VERSION = 1.0;
				PRODUCT_BUNDLE_IDENTIFIER = co.vladislav.mazurov.CafeHubTest;
				PRODUCT_NAME = "$(TARGET_NAME)";
				SWIFT_EMIT_LOC_STRINGS = YES;
				SWIFT_VERSION = 5.0;
				TARGETED_DEVICE_FAMILY = "1,2";
			};
			name = Debug;
		};
		864592392738059300222B6D /* Release */ = {
			isa = XCBuildConfiguration;
			buildSettings = {
				ASSETCATALOG_COMPILER_APPICON_NAME = AppIcon;
				ASSETCATALOG_COMPILER_GLOBAL_ACCENT_COLOR_NAME = AccentColor;
				CODE_SIGN_STYLE = Automatic;
				CURRENT_PROJECT_VERSION = 1;
				DEVELOPMENT_TEAM = RJUQB32699;
				GENERATE_INFOPLIST_FILE = YES;
				INFOPLIST_FILE = CafeHubTest/Info.plist;
				INFOPLIST_KEY_UIApplicationSupportsIndirectInputEvents = YES;
				INFOPLIST_KEY_UILaunchStoryboardName = LaunchScreen;
				INFOPLIST_KEY_UIMainStoryboardFile = Main;
				INFOPLIST_KEY_UISupportedInterfaceOrientations_iPad = "UIInterfaceOrientationPortrait UIInterfaceOrientationPortraitUpsideDown UIInterfaceOrientationLandscapeLeft UIInterfaceOrientationLandscapeRight";
				INFOPLIST_KEY_UISupportedInterfaceOrientations_iPhone = "UIInterfaceOrientationPortrait UIInterfaceOrientationLandscapeLeft UIInterfaceOrientationLandscapeRight";
				LD_RUNPATH_SEARCH_PATHS = (
					"$(inherited)",
					"@executable_path/Frameworks",
				);
				MARKETING_VERSION = 1.0;
				PRODUCT_BUNDLE_IDENTIFIER = co.vladislav.mazurov.CafeHubTest;
				PRODUCT_NAME = "$(TARGET_NAME)";
				SWIFT_EMIT_LOC_STRINGS = YES;
				SWIFT_VERSION = 5.0;
				TARGETED_DEVICE_FAMILY = "1,2";
			};
			name = Release;
		};
/* End XCBuildConfiguration section */

/* Begin XCConfigurationList section */
		8645921E2738059100222B6D /* Build configuration list for PBXProject "CafeHubTest" */ = {
			isa = XCConfigurationList;
			buildConfigurations = (
				864592352738059300222B6D /* Debug */,
				864592362738059300222B6D /* Release */,
			);
			defaultConfigurationIsVisible = 0;
			defaultConfigurationName = Release;
		};
		864592372738059300222B6D /* Build configuration list for PBXNativeTarget "CafeHubTest" */ = {
			isa = XCConfigurationList;
			buildConfigurations = (
				864592382738059300222B6D /* Debug */,
				864592392738059300222B6D /* Release */,
			);
			defaultConfigurationIsVisible = 0;
			defaultConfigurationName = Release;
		};
/* End XCConfigurationList section */

/* Begin XCRemoteSwiftPackageReference section */
		8651D7D4278A0B0B0004FE8D /* XCRemoteSwiftPackageReference "firebase-ios-sdk" */ = {
			isa = XCRemoteSwiftPackageReference;
			repositoryURL = "https://github.com/firebase/firebase-ios-sdk";
			requirement = {
				kind = upToNextMajorVersion;
				minimumVersion = 8.0.0;
			};
		};
/* End XCRemoteSwiftPackageReference section */

/* Begin XCSwiftPackageProductDependency section */
		8651D7D5278A0B0B0004FE8D /* FirebaseAuth */ = {
			isa = XCSwiftPackageProductDependency;
			package = 8651D7D4278A0B0B0004FE8D /* XCRemoteSwiftPackageReference "firebase-ios-sdk" */;
			productName = FirebaseAuth;
		};
		8651D7D7278A0B0B0004FE8D /* FirebaseFirestore */ = {
			isa = XCSwiftPackageProductDependency;
			package = 8651D7D4278A0B0B0004FE8D /* XCRemoteSwiftPackageReference "firebase-ios-sdk" */;
			productName = FirebaseFirestore;
		};
/* End XCSwiftPackageProductDependency section */
	};
	rootObject = 8645921B2738059100222B6D /* Project object */;
}
